
Microsoft Visual Studio Solution File, Format Version 12.00
# Visual Studio 15
VisualStudioVersion = 15.0.26730.12
MinimumVisualStudioVersion = 10.0.40219.1
Project("{FAE04EC0-301F-11D3-BF4B-00C04F79EFBC}") = "forces", "forces\forces.csproj", "{8DCA1EC4-A8DC-445C-A12D-30EA6CB75BFD}"
EndProject
Global
	GlobalSection(SolutionConfigurationPlatforms) = preSolution
		Debug|Any CPU = Debug|Any CPU
		Release|Any CPU = Release|Any CPU
	EndGlobalSection
	GlobalSection(ProjectConfigurationPlatforms) = postSolution
		{8DCA1EC4-A8DC-445C-A12D-30EA6CB75BFD}.Debug|Any CPU.ActiveCfg = Debug|Any CPU
		{8DCA1EC4-A8DC-445C-A12D-30EA6CB75BFD}.Debug|Any CPU.Build.0 = Debug|Any CPU
		{8DCA1EC4-A8DC-445C-A12D-30EA6CB75BFD}.Release|Any CPU.ActiveCfg = Release|Any CPU
		{8DCA1EC4-A8DC-445C-A12D-30EA6CB75BFD}.Release|Any CPU.Build.0 = Release|Any CPU
	EndGlobalSection
	GlobalSection(SolutionProperties) = preSolution
		HideSolutionNode = FALSE
	EndGlobalSection
	GlobalSection(ExtensibilityGlobals) = postSolution
		SolutionGuid = {EF15DC3C-48CF-43E1-A1F8-0C140DA7B5E6}
	EndGlobalSection
EndGlobal
